PODS:
  - Flutter (1.0.0)
  - flutter_tts (0.0.1):
    - Flutter
  - printing (1.0.0):
    - Flutter

DEPENDENCIES:
  - Flutter (from `Flutter`)
  - flutter_tts (from `.symlinks/plugins/flutter_tts/ios`)
  - printing (from `.symlinks/plugins/printing/ios`)

EXTERNAL SOURCES:
  Flutter:
    :path: Flutter
  flutter_tts:
    :path: ".symlinks/plugins/flutter_tts/ios"
  printing:
    :path: ".symlinks/plugins/printing/ios"

SPEC CHECKSUMS:
  Flutter: 71a624a5bc0c04062bf19101d501e466baf2fb47
  flutter_tts: 35ac3c7d42412733e795ea96ad2d7e05d0a75113
  printing: 54ff03f28fe9ba3aa93358afb80a8595a071dd07

PODFILE CHECKSUM: 6af8fbe28713e00ef84f03a2e36679a2cb48d0c6

COCOAPODS: 1.16.2
